
Microsoft Visual Studio Solution File, Format Version 12.00
# Visual Studio 14
VisualStudioVersion = 14.0.25123.0
MinimumVisualStudioVersion = 10.0.40219.1
Project("{FAE04EC0-301F-11D3-BF4B-00C04F79EFBC}") = "XMLParser", "XMLParser\XMLParser.csproj", "{774B0708-094F-4B57-BE9D-9FA9604DB2AF}"
EndProject
Project("{FAE04EC0-301F-11D3-BF4B-00C04F79EFBC}") = "BL.XMLParser", "BL.XMLParser\BL.XMLParser.csproj", "{53AE22EB-A094-4DBA-BDBA-4BB343B03F5F}"
EndProject
Project("{FAE04EC0-301F-11D3-BF4B-00C04F79EFBC}") = "UnitTestXMLParser", "UnitTestXMLParser\UnitTestXMLParser.csproj", "{C57E8A17-91CD-4F6A-A81D-055AEBA7DC5C}"
EndProject
Global
	GlobalSection(SolutionConfigurationPlatforms) = preSolution
		Debug|Any CPU = Debug|Any CPU
		Release|Any CPU = Release|Any CPU
	EndGlobalSection
	GlobalSection(ProjectConfigurationPlatforms) = postSolution
		{774B0708-094F-4B57-BE9D-9FA9604DB2AF}.Debug|Any CPU.ActiveCfg = Debug|Any CPU
		{774B0708-094F-4B57-BE9D-9FA9604DB2AF}.Debug|Any CPU.Build.0 = Debug|Any CPU
		{774B0708-094F-4B57-BE9D-9FA9604DB2AF}.Release|Any CPU.ActiveCfg = Release|Any CPU
		{774B0708-094F-4B57-BE9D-9FA9604DB2AF}.Release|Any CPU.Build.0 = Release|Any CPU
		{53AE22EB-A094-4DBA-BDBA-4BB343B03F5F}.Debug|Any CPU.ActiveCfg = Debug|Any CPU
		{53AE22EB-A094-4DBA-BDBA-4BB343B03F5F}.Debug|Any CPU.Build.0 = Debug|Any CPU
		{53AE22EB-A094-4DBA-BDBA-4BB343B03F5F}.Release|Any CPU.ActiveCfg = Release|Any CPU
		{53AE22EB-A094-4DBA-BDBA-4BB343B03F5F}.Release|Any CPU.Build.0 = Release|Any CPU
		{C57E8A17-91CD-4F6A-A81D-055AEBA7DC5C}.Debug|Any CPU.ActiveCfg = Debug|Any CPU
		{C57E8A17-91CD-4F6A-A81D-055AEBA7DC5C}.Debug|Any CPU.Build.0 = Debug|Any CPU
		{C57E8A17-91CD-4F6A-A81D-055AEBA7DC5C}.Release|Any CPU.ActiveCfg = Release|Any CPU
		{C57E8A17-91CD-4F6A-A81D-055AEBA7DC5C}.Release|Any CPU.Build.0 = Release|Any CPU
	EndGlobalSection
	GlobalSection(SolutionProperties) = preSolution
		HideSolutionNode = FALSE
	EndGlobalSection
EndGlobal
